<Solution>
  <Project Path="CryptoSave/CryptoSave.csproj" />
  <Project Path="EasySave.CLI/EasySave.CLI.csproj" Id="76ed430c-d500-4f95-9fa9-517af36b37d5" />
  <Project Path="EasySave.Core/EasySave.Core.csproj" Id="cb5de1a9-2a83-4c46-91ac-74353f9cf56a" />
  <Project Path="EasySave.DLL/EasyLog.csproj" Id="3aa962c9-ac0b-4103-a84b-9759fb242799" />
  <Project Path="EasySave.Tests/EasySave.Tests.csproj" Id="dc47f94c-80aa-43fa-9c1e-c08c8b7169e0" />
</Solution>

